
Microsoft Visual Studio Solution File, Format Version 12.00
# Visual Studio 14
VisualStudioVersion = 14.0.25420.1
MinimumVisualStudioVersion = 10.0.40219.1
Project("{FAE04EC0-301F-11D3-BF4B-00C04F79EFBC}") = "CRUB", "CRUB\CRUB.csproj", "{EFD6A5AB-7E41-47C1-8E87-6291FC9D0081}"
EndProject
Global
	GlobalSection(SolutionConfigurationPlatforms) = preSolution
		Debug|Any CPU = Debug|Any CPU
		Release|Any CPU = Release|Any CPU
	EndGlobalSection
	GlobalSection(ProjectConfigurationPlatforms) = postSolution
		{EFD6A5AB-7E41-47C1-8E87-6291FC9D0081}.Debug|Any CPU.ActiveCfg = Debug|Any CPU
		{EFD6A5AB-7E41-47C1-8E87-6291FC9D0081}.Debug|Any CPU.Build.0 = Debug|Any CPU
		{EFD6A5AB-7E41-47C1-8E87-6291FC9D0081}.Release|Any CPU.ActiveCfg = Release|Any CPU
		{EFD6A5AB-7E41-47C1-8E87-6291FC9D0081}.Release|Any CPU.Build.0 = Release|Any CPU
	EndGlobalSection
	GlobalSection(SolutionProperties) = preSolution
		HideSolutionNode = FALSE
	EndGlobalSection
EndGlobal
